
Microsoft Visual Studio Solution File, Format Version 12.00
# Visual Studio Version 17
VisualStudioVersion = 17.2.32616.157
MinimumVisualStudioVersion = 10.0.40219.1
Project("{FAE04EC0-301F-11D3-BF4B-00C04F79EFBC}") = "Eclerx.Day15.Inclass2", "Eclerx.Day15.Inclass2\Eclerx.Day15.Inclass2.csproj", "{1A5A4826-B862-4DFF-AC1D-B00367563D1F}"
EndProject
Global
	GlobalSection(SolutionConfigurationPlatforms) = preSolution
		Debug|Any CPU = Debug|Any CPU
		Release|Any CPU = Release|Any CPU
	EndGlobalSection
	GlobalSection(ProjectConfigurationPlatforms) = postSolution
		{1A5A4826-B862-4DFF-AC1D-B00367563D1F}.Debug|Any CPU.ActiveCfg = Debug|Any CPU
		{1A5A4826-B862-4DFF-AC1D-B00367563D1F}.Debug|Any CPU.Build.0 = Debug|Any CPU
		{1A5A4826-B862-4DFF-AC1D-B00367563D1F}.Release|Any CPU.ActiveCfg = Release|Any CPU
		{1A5A4826-B862-4DFF-AC1D-B00367563D1F}.Release|Any CPU.Build.0 = Release|Any CPU
	EndGlobalSection
	GlobalSection(SolutionProperties) = preSolution
		HideSolutionNode = FALSE
	EndGlobalSection
	GlobalSection(ExtensibilityGlobals) = postSolution
		SolutionGuid = {F0B39A48-4CB4-4A48-B96B-47B432551562}
	EndGlobalSection
EndGlobal
